{
  "name": "gibber-graph",
  "version": "1.0.0",
  "lockfileVersion": 1,
  "requires": true,
  "dependencies": {
    "litegraph.js": {
      "version": "0.7.8",
      "resolved": "https://registry.npmjs.org/litegraph.js/-/litegraph.js-0.7.8.tgz",
      "integrity": "sha512-h8eqHLAvOIpFVcoDif1og6ClIygWyxVYwAWtur8XwHtUojUYGtB8X66ECqG1EGCkBTFSOS3Rc5KsmWKt3XowSw=="
    },
    "parcel-plugin-svelte": {
      "version": "4.0.7",
      "resolved": "https://registry.npmjs.org/parcel-plugin-svelte/-/parcel-plugin-svelte-4.0.7.tgz",
      "integrity": "sha512-Psah1zcARZ01l21Ssz8SNHv+pp15nIXR4huHPAZ1Qxy5OQX32/C/J/M9VXuEqgS0OgVrrCnYIrUGcmb8oh1Iiw=="
    }
  }
}
